PODS:
  - AFNetworking (3.1.0):
    - AFNetworking/NSURLSession (= 3.1.0)
    - AFNetworking/Reachability (= 3.1.0)
    - AFNetworking/Security (= 3.1.0)
    - AFNetworking/Serialization (= 3.1.0)
    - AFNetworking/UIKit (= 3.1.0)
  - AFNetworking/NSURLSession (3.1.0):
    - AFNetworking/Reachability
    - AFNetworking/Security
    - AFNetworking/Serialization
  - AFNetworking/Reachability (3.1.0)
  - AFNetworking/Security (3.1.0)
  - AFNetworking/Serialization (3.1.0)
  - AFNetworking/UIKit (3.1.0):
    - AFNetworking/NSURLSession
  - EaseMobSDKFull (2.1.7)
  - IQKeyboardManager (4.0.1)
  - Masonry (1.0.0)
  - MBProgressHUD (0.9.2)
  - YYCategories (1.0.2):
    - YYCategories/no-arc (= 1.0.2)
  - YYCategories/no-arc (1.0.2)

DEPENDENCIES:
  - AFNetworking
  - EaseMobSDKFull
  - IQKeyboardManager
  - Masonry
  - MBProgressHUD
  - YYCategories

SPEC CHECKSUMS:
  AFNetworking: 5e0e199f73d8626b11e79750991f5d173d1f8b67
  EaseMobSDKFull: 43858ca9a62bbe1fa4c7c006f944a3e52a4bff48
  IQKeyboardManager: 0c11a0cb402a621f7aa1aff506f60ab6d2388969
  Masonry: b529bb169217897b6354d4b56b1fada6d475b13d
  MBProgressHUD: 1569cf7ace17a8bac47aabfbb8580a49690386d1
  YYCategories: 7319e4ba4f4d4dbcec0094abaab540e98f04a65f

COCOAPODS: 0.39.0
